
Microsoft Visual Studio Solution File, Format Version 12.00
# Visual Studio 15
VisualStudioVersion = 15.0.27130.2010
MinimumVisualStudioVersion = 10.0.40219.1
Project("{FAE04EC0-301F-11D3-BF4B-00C04F79EFBC}") = "Day01", "Day01\Day01.csproj", "{F938591B-E25F-4AC4-BEA2-301CE5347D37}"
EndProject
Project("{FAE04EC0-301F-11D3-BF4B-00C04F79EFBC}") = "Day02", "Day02\Day02.csproj", "{14F990D5-0F22-4FF1-A57D-1BDB6ABDB7B8}"
EndProject
Project("{FAE04EC0-301F-11D3-BF4B-00C04F79EFBC}") = "Day03", "Day03\Day03.csproj", "{3F74A115-7F14-4D43-AE8E-2533B69B99DF}"
EndProject
Project("{FAE04EC0-301F-11D3-BF4B-00C04F79EFBC}") = "Day04", "Day04\Day04.csproj", "{6FAC62E2-995C-4C25-8D65-388B24B45A6B}"
EndProject
Project("{FAE04EC0-301F-11D3-BF4B-00C04F79EFBC}") = "Day05", "Day05\Day05.csproj", "{0ABEBF24-DFD8-4707-AE86-FE508AF3EA67}"
EndProject
Project("{FAE04EC0-301F-11D3-BF4B-00C04F79EFBC}") = "Day06", "Day06\Day06.csproj", "{21FD93CD-11E5-4A71-8633-42FA51F3D244}"
EndProject
Project("{FAE04EC0-301F-11D3-BF4B-00C04F79EFBC}") = "Day07", "Day07\Day07.csproj", "{38DC5DC2-BCCF-4BD1-AC22-798FE490FC25}"
EndProject
Project("{FAE04EC0-301F-11D3-BF4B-00C04F79EFBC}") = "Day08", "Day08\Day08.csproj", "{D1E13DA0-6C2F-4957-9E15-EE8C1D7CE409}"
EndProject
Project("{FAE04EC0-301F-11D3-BF4B-00C04F79EFBC}") = "Day09", "Day09\Day09.csproj", "{47208F1A-4164-4C7B-8D1A-8C4F07A71630}"
EndProject
Project("{FAE04EC0-301F-11D3-BF4B-00C04F79EFBC}") = "Day10", "Day10\Day10.csproj", "{BC9BF3A1-AD64-467F-9E78-5FFDC61D7B86}"
EndProject
Project("{FAE04EC0-301F-11D3-BF4B-00C04F79EFBC}") = "Day11", "Day11\Day11.csproj", "{6007BF36-C3B3-4D4E-A12D-DCB4DEFF1CEF}"
EndProject
Project("{FAE04EC0-301F-11D3-BF4B-00C04F79EFBC}") = "Day12", "Day12\Day12.csproj", "{F634C3EB-6F3D-4B35-A5AB-B6C5759775EF}"
EndProject
Project("{FAE04EC0-301F-11D3-BF4B-00C04F79EFBC}") = "Day13", "Day13\Day13.csproj", "{A03641BA-E386-4ED6-977F-C466A6B0B7DF}"
EndProject
Project("{FAE04EC0-301F-11D3-BF4B-00C04F79EFBC}") = "Day14", "Day14\Day14.csproj", "{8094E42D-37C7-480B-9C89-4D47F70DB7BA}"
EndProject
Project("{FAE04EC0-301F-11D3-BF4B-00C04F79EFBC}") = "Day15", "Day15\Day15.csproj", "{AFDBE77C-323E-4396-9A30-54D470B7FD97}"
EndProject
Project("{FAE04EC0-301F-11D3-BF4B-00C04F79EFBC}") = "Day16", "Day16\Day16.csproj", "{30BCF284-9045-4447-8C4D-0A1ABF415FE8}"
EndProject
Project("{FAE04EC0-301F-11D3-BF4B-00C04F79EFBC}") = "Day17", "Day17\Day17.csproj", "{6A752499-BA1C-4AEA-9DDA-01A92F382092}"
EndProject
Project("{FAE04EC0-301F-11D3-BF4B-00C04F79EFBC}") = "Day18", "Day18\Day18.csproj", "{F257707E-0160-42B6-911A-835C414ABE16}"
EndProject
Project("{FAE04EC0-301F-11D3-BF4B-00C04F79EFBC}") = "Day19", "Day19\Day19.csproj", "{8E5806EF-83B7-41B8-B8EA-DBBBFA6CF031}"
EndProject
Project("{FAE04EC0-301F-11D3-BF4B-00C04F79EFBC}") = "Day20", "Day20\Day20.csproj", "{A0D00709-F021-493C-B3D7-51A0B88E9D23}"
EndProject
Project("{FAE04EC0-301F-11D3-BF4B-00C04F79EFBC}") = "Day21", "Day21\Day21.csproj", "{85A5ECBC-89BA-4CAF-8F0C-C7F566D20F6D}"
EndProject
Project("{FAE04EC0-301F-11D3-BF4B-00C04F79EFBC}") = "Day22", "Day22\Day22.csproj", "{C3F64B84-B752-48E8-B68B-A7846D835CFF}"
EndProject
Project("{FAE04EC0-301F-11D3-BF4B-00C04F79EFBC}") = "Day23", "Day23\Day23.csproj", "{2D6B8566-CA07-46FF-A7BB-BCDEE8EC3974}"
EndProject
Project("{FAE04EC0-301F-11D3-BF4B-00C04F79EFBC}") = "Day24", "Day24\Day24.csproj", "{013910AD-0498-4189-9C5C-09D6C91607AC}"
EndProject
Project("{FAE04EC0-301F-11D3-BF4B-00C04F79EFBC}") = "Day25", "Day25\Day25.csproj", "{2CA8ED0A-9845-4441-94F2-713AF69A81DC}"
EndProject
Global
	GlobalSection(SolutionConfigurationPlatforms) = preSolution
		Debug|Any CPU = Debug|Any CPU
		Release|Any CPU = Release|Any CPU
	EndGlobalSection
	GlobalSection(ProjectConfigurationPlatforms) = postSolution
		{F938591B-E25F-4AC4-BEA2-301CE5347D37}.Debug|Any CPU.ActiveCfg = Debug|Any CPU
		{F938591B-E25F-4AC4-BEA2-301CE5347D37}.Debug|Any CPU.Build.0 = Debug|Any CPU
		{F938591B-E25F-4AC4-BEA2-301CE5347D37}.Release|Any CPU.ActiveCfg = Release|Any CPU
		{F938591B-E25F-4AC4-BEA2-301CE5347D37}.Release|Any CPU.Build.0 = Release|Any CPU
		{14F990D5-0F22-4FF1-A57D-1BDB6ABDB7B8}.Debug|Any CPU.ActiveCfg = Debug|Any CPU
		{14F990D5-0F22-4FF1-A57D-1BDB6ABDB7B8}.Debug|Any CPU.Build.0 = Debug|Any CPU
		{14F990D5-0F22-4FF1-A57D-1BDB6ABDB7B8}.Release|Any CPU.ActiveCfg = Release|Any CPU
		{14F990D5-0F22-4FF1-A57D-1BDB6ABDB7B8}.Release|Any CPU.Build.0 = Release|Any CPU
		{3F74A115-7F14-4D43-AE8E-2533B69B99DF}.Debug|Any CPU.ActiveCfg = Debug|Any CPU
		{3F74A115-7F14-4D43-AE8E-2533B69B99DF}.Debug|Any CPU.Build.0 = Debug|Any CPU
		{3F74A115-7F14-4D43-AE8E-2533B69B99DF}.Release|Any CPU.ActiveCfg = Release|Any CPU
		{3F74A115-7F14-4D43-AE8E-2533B69B99DF}.Release|Any CPU.Build.0 = Release|Any CPU
		{6FAC62E2-995C-4C25-8D65-388B24B45A6B}.Debug|Any CPU.ActiveCfg = Debug|Any CPU
		{6FAC62E2-995C-4C25-8D65-388B24B45A6B}.Debug|Any CPU.Build.0 = Debug|Any CPU
		{6FAC62E2-995C-4C25-8D65-388B24B45A6B}.Release|Any CPU.ActiveCfg = Release|Any CPU
		{6FAC62E2-995C-4C25-8D65-388B24B45A6B}.Release|Any CPU.Build.0 = Release|Any CPU
		{0ABEBF24-DFD8-4707-AE86-FE508AF3EA67}.Debug|Any CPU.ActiveCfg = Debug|Any CPU
		{0ABEBF24-DFD8-4707-AE86-FE508AF3EA67}.Debug|Any CPU.Build.0 = Debug|Any CPU
		{0ABEBF24-DFD8-4707-AE86-FE508AF3EA67}.Release|Any CPU.ActiveCfg = Release|Any CPU
		{0ABEBF24-DFD8-4707-AE86-FE508AF3EA67}.Release|Any CPU.Build.0 = Release|Any CPU
		{21FD93CD-11E5-4A71-8633-42FA51F3D244}.Debug|Any CPU.ActiveCfg = Debug|Any CPU
		{21FD93CD-11E5-4A71-8633-42FA51F3D244}.Debug|Any CPU.Build.0 = Debug|Any CPU
		{21FD93CD-11E5-4A71-8633-42FA51F3D244}.Release|Any CPU.ActiveCfg = Release|Any CPU
		{21FD93CD-11E5-4A71-8633-42FA51F3D244}.Release|Any CPU.Build.0 = Release|Any CPU
		{38DC5DC2-BCCF-4BD1-AC22-798FE490FC25}.Debug|Any CPU.ActiveCfg = Debug|Any CPU
		{38DC5DC2-BCCF-4BD1-AC22-798FE490FC25}.Debug|Any CPU.Build.0 = Debug|Any CPU
		{38DC5DC2-BCCF-4BD1-AC22-798FE490FC25}.Release|Any CPU.ActiveCfg = Release|Any CPU
		{38DC5DC2-BCCF-4BD1-AC22-798FE490FC25}.Release|Any CPU.Build.0 = Release|Any CPU
		{D1E13DA0-6C2F-4957-9E15-EE8C1D7CE409}.Debug|Any CPU.ActiveCfg = Debug|Any CPU
		{D1E13DA0-6C2F-4957-9E15-EE8C1D7CE409}.Debug|Any CPU.Build.0 = Debug|Any CPU
		{D1E13DA0-6C2F-4957-9E15-EE8C1D7CE409}.Release|Any CPU.ActiveCfg = Release|Any CPU
		{D1E13DA0-6C2F-4957-9E15-EE8C1D7CE409}.Release|Any CPU.Build.0 = Release|Any CPU
		{47208F1A-4164-4C7B-8D1A-8C4F07A71630}.Debug|Any CPU.ActiveCfg = Debug|Any CPU
		{47208F1A-4164-4C7B-8D1A-8C4F07A71630}.Debug|Any CPU.Build.0 = Debug|Any CPU
		{47208F1A-4164-4C7B-8D1A-8C4F07A71630}.Release|Any CPU.ActiveCfg = Release|Any CPU
		{47208F1A-4164-4C7B-8D1A-8C4F07A71630}.Release|Any CPU.Build.0 = Release|Any CPU
		{BC9BF3A1-AD64-467F-9E78-5FFDC61D7B86}.Debug|Any CPU.ActiveCfg = Debug|Any CPU
		{BC9BF3A1-AD64-467F-9E78-5FFDC61D7B86}.Debug|Any CPU.Build.0 = Debug|Any CPU
		{BC9BF3A1-AD64-467F-9E78-5FFDC61D7B86}.Release|Any CPU.ActiveCfg = Release|Any CPU
		{BC9BF3A1-AD64-467F-9E78-5FFDC61D7B86}.Release|Any CPU.Build.0 = Release|Any CPU
		{6007BF36-C3B3-4D4E-A12D-DCB4DEFF1CEF}.Debug|Any CPU.ActiveCfg = Debug|Any CPU
		{6007BF36-C3B3-4D4E-A12D-DCB4DEFF1CEF}.Debug|Any CPU.Build.0 = Debug|Any CPU
		{6007BF36-C3B3-4D4E-A12D-DCB4DEFF1CEF}.Release|Any CPU.ActiveCfg = Release|Any CPU
		{6007BF36-C3B3-4D4E-A12D-DCB4DEFF1CEF}.Release|Any CPU.Build.0 = Release|Any CPU
		{F634C3EB-6F3D-4B35-A5AB-B6C5759775EF}.Debug|Any CPU.ActiveCfg = Debug|Any CPU
		{F634C3EB-6F3D-4B35-A5AB-B6C5759775EF}.Debug|Any CPU.Build.0 = Debug|Any CPU
		{F634C3EB-6F3D-4B35-A5AB-B6C5759775EF}.Release|Any CPU.ActiveCfg = Release|Any CPU
		{F634C3EB-6F3D-4B35-A5AB-B6C5759775EF}.Release|Any CPU.Build.0 = Release|Any CPU
		{A03641BA-E386-4ED6-977F-C466A6B0B7DF}.Debug|Any CPU.ActiveCfg = Debug|Any CPU
		{A03641BA-E386-4ED6-977F-C466A6B0B7DF}.Debug|Any CPU.Build.0 = Debug|Any CPU
		{A03641BA-E386-4ED6-977F-C466A6B0B7DF}.Release|Any CPU.ActiveCfg = Release|Any CPU
		{A03641BA-E386-4ED6-977F-C466A6B0B7DF}.Release|Any CPU.Build.0 = Release|Any CPU
		{8094E42D-37C7-480B-9C89-4D47F70DB7BA}.Debug|Any CPU.ActiveCfg = Debug|Any CPU
		{8094E42D-37C7-480B-9C89-4D47F70DB7BA}.Debug|Any CPU.Build.0 = Debug|Any CPU
		{8094E42D-37C7-480B-9C89-4D47F70DB7BA}.Release|Any CPU.ActiveCfg = Release|Any CPU
		{8094E42D-37C7-480B-9C89-4D47F70DB7BA}.Release|Any CPU.Build.0 = Release|Any CPU
		{AFDBE77C-323E-4396-9A30-54D470B7FD97}.Debug|Any CPU.ActiveCfg = Debug|Any CPU
		{AFDBE77C-323E-4396-9A30-54D470B7FD97}.Debug|Any CPU.Build.0 = Debug|Any CPU
		{AFDBE77C-323E-4396-9A30-54D470B7FD97}.Release|Any CPU.ActiveCfg = Release|Any CPU
		{AFDBE77C-323E-4396-9A30-54D470B7FD97}.Release|Any CPU.Build.0 = Release|Any CPU
		{30BCF284-9045-4447-8C4D-0A1ABF415FE8}.Debug|Any CPU.ActiveCfg = Debug|Any CPU
		{30BCF284-9045-4447-8C4D-0A1ABF415FE8}.Debug|Any CPU.Build.0 = Debug|Any CPU
		{30BCF284-9045-4447-8C4D-0A1ABF415FE8}.Release|Any CPU.ActiveCfg = Release|Any CPU
		{30BCF284-9045-4447-8C4D-0A1ABF415FE8}.Release|Any CPU.Build.0 = Release|Any CPU
		{6A752499-BA1C-4AEA-9DDA-01A92F382092}.Debug|Any CPU.ActiveCfg = Debug|Any CPU
		{6A752499-BA1C-4AEA-9DDA-01A92F382092}.Debug|Any CPU.Build.0 = Debug|Any CPU
		{6A752499-BA1C-4AEA-9DDA-01A92F382092}.Release|Any CPU.ActiveCfg = Release|Any CPU
		{6A752499-BA1C-4AEA-9DDA-01A92F382092}.Release|Any CPU.Build.0 = Release|Any CPU
		{F257707E-0160-42B6-911A-835C414ABE16}.Debug|Any CPU.ActiveCfg = Debug|Any CPU
		{F257707E-0160-42B6-911A-835C414ABE16}.Debug|Any CPU.Build.0 = Debug|Any CPU
		{F257707E-0160-42B6-911A-835C414ABE16}.Release|Any CPU.ActiveCfg = Release|Any CPU
		{F257707E-0160-42B6-911A-835C414ABE16}.Release|Any CPU.Build.0 = Release|Any CPU
		{8E5806EF-83B7-41B8-B8EA-DBBBFA6CF031}.Debug|Any CPU.ActiveCfg = Debug|Any CPU
		{8E5806EF-83B7-41B8-B8EA-DBBBFA6CF031}.Debug|Any CPU.Build.0 = Debug|Any CPU
		{8E5806EF-83B7-41B8-B8EA-DBBBFA6CF031}.Release|Any CPU.ActiveCfg = Release|Any CPU
		{8E5806EF-83B7-41B8-B8EA-DBBBFA6CF031}.Release|Any CPU.Build.0 = Release|Any CPU
		{A0D00709-F021-493C-B3D7-51A0B88E9D23}.Debug|Any CPU.ActiveCfg = Debug|Any CPU
		{A0D00709-F021-493C-B3D7-51A0B88E9D23}.Debug|Any CPU.Build.0 = Debug|Any CPU
		{A0D00709-F021-493C-B3D7-51A0B88E9D23}.Release|Any CPU.ActiveCfg = Release|Any CPU
		{A0D00709-F021-493C-B3D7-51A0B88E9D23}.Release|Any CPU.Build.0 = Release|Any CPU
		{85A5ECBC-89BA-4CAF-8F0C-C7F566D20F6D}.Debug|Any CPU.ActiveCfg = Debug|Any CPU
		{85A5ECBC-89BA-4CAF-8F0C-C7F566D20F6D}.Debug|Any CPU.Build.0 = Debug|Any CPU
		{85A5ECBC-89BA-4CAF-8F0C-C7F566D20F6D}.Release|Any CPU.ActiveCfg = Release|Any CPU
		{85A5ECBC-89BA-4CAF-8F0C-C7F566D20F6D}.Release|Any CPU.Build.0 = Release|Any CPU
		{C3F64B84-B752-48E8-B68B-A7846D835CFF}.Debug|Any CPU.ActiveCfg = Debug|Any CPU
		{C3F64B84-B752-48E8-B68B-A7846D835CFF}.Debug|Any CPU.Build.0 = Debug|Any CPU
		{C3F64B84-B752-48E8-B68B-A7846D835CFF}.Release|Any CPU.ActiveCfg = Release|Any CPU
		{C3F64B84-B752-48E8-B68B-A7846D835CFF}.Release|Any CPU.Build.0 = Release|Any CPU
		{2D6B8566-CA07-46FF-A7BB-BCDEE8EC3974}.Debug|Any CPU.ActiveCfg = Debug|Any CPU
		{2D6B8566-CA07-46FF-A7BB-BCDEE8EC3974}.Debug|Any CPU.Build.0 = Debug|Any CPU
		{2D6B8566-CA07-46FF-A7BB-BCDEE8EC3974}.Release|Any CPU.ActiveCfg = Release|Any CPU
		{2D6B8566-CA07-46FF-A7BB-BCDEE8EC3974}.Release|Any CPU.Build.0 = Release|Any CPU
		{013910AD-0498-4189-9C5C-09D6C91607AC}.Debug|Any CPU.ActiveCfg = Debug|Any CPU
		{013910AD-0498-4189-9C5C-09D6C91607AC}.Debug|Any CPU.Build.0 = Debug|Any CPU
		{013910AD-0498-4189-9C5C-09D6C91607AC}.Release|Any CPU.ActiveCfg = Release|Any CPU
		{013910AD-0498-4189-9C5C-09D6C91607AC}.Release|Any CPU.Build.0 = Release|Any CPU
		{2CA8ED0A-9845-4441-94F2-713AF69A81DC}.Debug|Any CPU.ActiveCfg = Debug|Any CPU
		{2CA8ED0A-9845-4441-94F2-713AF69A81DC}.Debug|Any CPU.Build.0 = Debug|Any CPU
		{2CA8ED0A-9845-4441-94F2-713AF69A81DC}.Release|Any CPU.ActiveCfg = Release|Any CPU
		{2CA8ED0A-9845-4441-94F2-713AF69A81DC}.Release|Any CPU.Build.0 = Release|Any CPU
	EndGlobalSection
	GlobalSection(SolutionProperties) = preSolution
		HideSolutionNode = FALSE
	EndGlobalSection
	GlobalSection(ExtensibilityGlobals) = postSolution
		SolutionGuid = {12125333-BC4D-44B2-BBC0-483C2C25F29D}
	EndGlobalSection
EndGlobal
